PODS:
  - Capacitor (6.1.0):
    - CapacitorCordova
  - CapacitorCordova (6.1.0)
  - MSAL (1.1.19):
    - MSAL/app-lib (= 1.1.19)
  - MSAL/app-lib (1.1.19)

DEPENDENCIES:
  - "Capacitor (from `../node_modules/@capacitor/ios`)"
  - "CapacitorCordova (from `../node_modules/@capacitor/ios`)"
  - MSAL

SPEC REPOS:
  trunk:
    - MSAL

EXTERNAL SOURCES:
  Capacitor:
    :path: "../node_modules/@capacitor/ios"
  CapacitorCordova:
    :path: "../node_modules/@capacitor/ios"

SPEC CHECKSUMS:
  Capacitor: 187bd7847b6f71467015a20200a1a071be3e5f14
  CapacitorCordova: be703980ca797f847c3356f78fa175d21c8330c2
  MSAL: 0a4993a743aa45147c78c698e0412d00cb005c1a

PODFILE CHECKSUM: f6274e5f60bf7be2dab2cca23d5c22f5d9f33c9e

COCOAPODS: 1.15.2
