PODS:
  - Capacitor (4.3.0):
    - CapacitorCordova
  - CapacitorCordova (4.3.0)
  - MSAL (1.1.19):
    - MSAL/app-lib (= 1.1.19)
  - MSAL/app-lib (1.1.19)

DEPENDENCIES:
  - "Capacitor (from `../node_modules/@capacitor/ios`)"
  - "CapacitorCordova (from `../node_modules/@capacitor/ios`)"
  - MSAL

SPEC REPOS:
  trunk:
    - MSAL

EXTERNAL SOURCES:
  Capacitor:
    :path: "../node_modules/@capacitor/ios"
  CapacitorCordova:
    :path: "../node_modules/@capacitor/ios"

SPEC CHECKSUMS:
  Capacitor: 5534f805df231c76164e1d63119bff7b4eac6cd5
  CapacitorCordova: 19a82a3b91fbeb9bdd049729551edc3cd7e5e648
  MSAL: 0a4993a743aa45147c78c698e0412d00cb005c1a

PODFILE CHECKSUM: f6274e5f60bf7be2dab2cca23d5c22f5d9f33c9e

COCOAPODS: 1.11.2
